
Microsoft Visual Studio Solution File, Format Version 12.00
# Visual Studio Version 16
VisualStudioVersion = 16.0.30105.148
MinimumVisualStudioVersion = 10.0.40219.1
Project("{FAE04EC0-301F-11D3-BF4B-00C04F79EFBC}") = "DbScripterLib", "DbScripterLib\DbScripterLib.csproj", "{025D442E-3F63-45B7-AAF2-9A8824655F5D}"
EndProject
Project("{FAE04EC0-301F-11D3-BF4B-00C04F79EFBC}") = "DbScripterLibTests", "DbScripterLibTests\DbScripterLibTests.csproj", "{0F73E1FC-3E78-4BD7-96EB-B4395B774173}"
EndProject
Project("{FAE04EC0-301F-11D3-BF4B-00C04F79EFBC}") = "DbScripterApp", "DbScripterApp\DbScripterApp.csproj", "{6B4A7229-2087-4C3E-B387-DC882BF7161C}"
EndProject
Project("{2150E333-8FDC-42A3-9474-1A3956D46DE8}") = "Solution Items", "Solution Items", "{2CCB8BB0-A27A-4646-8F2E-093D32463C12}"
	ProjectSection(SolutionItems) = preProject
		.editorconfig = .editorconfig
		packages.config = packages.config
	EndProjectSection
EndProject
Project("{FAE04EC0-301F-11D3-BF4B-00C04F79EFBC}") = "Common", "..\Common\Common\Common.csproj", "{050CF1B9-C938-449C-80F8-B11038A44DA4}"
EndProject
Project("{FAE04EC0-301F-11D3-BF4B-00C04F79EFBC}") = "TestHelpers", "..\Common\TestHelpers\TestHelpers.csproj", "{15C1F53E-A143-47A9-B447-93716DD83404}"
EndProject
Project("{FAE04EC0-301F-11D3-BF4B-00C04F79EFBC}") = "Utils", "..\Common\Utils\Utils.csproj", "{624C6A7F-569F-4E78-96E5-D56D2BFD7261}"
EndProject
Project("{FAE04EC0-301F-11D3-BF4B-00C04F79EFBC}") = "DbScripterAppTests", "DbScripterAppTests\DbScripterAppTests.csproj", "{AE0E2437-6794-43C6-9A3E-E75F8AEECE05}"
EndProject
Global
	GlobalSection(SolutionConfigurationPlatforms) = preSolution
		Debug - Light Tests Only|Any CPU = Debug - Light Tests Only|Any CPU
		Debug - Light Tests Only|x64 = Debug - Light Tests Only|x64
		Debug - Light Tests Only|x86 = Debug - Light Tests Only|x86
		Debug|Any CPU = Debug|Any CPU
		Debug|x64 = Debug|x64
		Debug|x86 = Debug|x86
		Release|Any CPU = Release|Any CPU
		Release|x64 = Release|x64
		Release|x86 = Release|x86
	EndGlobalSection
	GlobalSection(ProjectConfigurationPlatforms) = postSolution
		{025D442E-3F63-45B7-AAF2-9A8824655F5D}.Debug - Light Tests Only|Any CPU.ActiveCfg = Debug|Any CPU
		{025D442E-3F63-45B7-AAF2-9A8824655F5D}.Debug - Light Tests Only|Any CPU.Build.0 = Debug|Any CPU
		{025D442E-3F63-45B7-AAF2-9A8824655F5D}.Debug - Light Tests Only|x64.ActiveCfg = Debug|Any CPU
		{025D442E-3F63-45B7-AAF2-9A8824655F5D}.Debug - Light Tests Only|x64.Build.0 = Debug|Any CPU
		{025D442E-3F63-45B7-AAF2-9A8824655F5D}.Debug - Light Tests Only|x86.ActiveCfg = Debug|Any CPU
		{025D442E-3F63-45B7-AAF2-9A8824655F5D}.Debug - Light Tests Only|x86.Build.0 = Debug|Any CPU
		{025D442E-3F63-45B7-AAF2-9A8824655F5D}.Debug|Any CPU.ActiveCfg = Debug|Any CPU
		{025D442E-3F63-45B7-AAF2-9A8824655F5D}.Debug|Any CPU.Build.0 = Debug|Any CPU
		{025D442E-3F63-45B7-AAF2-9A8824655F5D}.Debug|x64.ActiveCfg = Debug|Any CPU
		{025D442E-3F63-45B7-AAF2-9A8824655F5D}.Debug|x64.Build.0 = Debug|Any CPU
		{025D442E-3F63-45B7-AAF2-9A8824655F5D}.Debug|x86.ActiveCfg = Debug|Any CPU
		{025D442E-3F63-45B7-AAF2-9A8824655F5D}.Debug|x86.Build.0 = Debug|Any CPU
		{025D442E-3F63-45B7-AAF2-9A8824655F5D}.Release|Any CPU.ActiveCfg = Release|Any CPU
		{025D442E-3F63-45B7-AAF2-9A8824655F5D}.Release|Any CPU.Build.0 = Release|Any CPU
		{025D442E-3F63-45B7-AAF2-9A8824655F5D}.Release|x64.ActiveCfg = Release|Any CPU
		{025D442E-3F63-45B7-AAF2-9A8824655F5D}.Release|x64.Build.0 = Release|Any CPU
		{025D442E-3F63-45B7-AAF2-9A8824655F5D}.Release|x86.ActiveCfg = Release|Any CPU
		{025D442E-3F63-45B7-AAF2-9A8824655F5D}.Release|x86.Build.0 = Release|Any CPU
		{0F73E1FC-3E78-4BD7-96EB-B4395B774173}.Debug - Light Tests Only|Any CPU.ActiveCfg = Debug|Any CPU
		{0F73E1FC-3E78-4BD7-96EB-B4395B774173}.Debug - Light Tests Only|Any CPU.Build.0 = Debug|Any CPU
		{0F73E1FC-3E78-4BD7-96EB-B4395B774173}.Debug - Light Tests Only|x64.ActiveCfg = Debug|Any CPU
		{0F73E1FC-3E78-4BD7-96EB-B4395B774173}.Debug - Light Tests Only|x64.Build.0 = Debug|Any CPU
		{0F73E1FC-3E78-4BD7-96EB-B4395B774173}.Debug - Light Tests Only|x86.ActiveCfg = Debug|Any CPU
		{0F73E1FC-3E78-4BD7-96EB-B4395B774173}.Debug - Light Tests Only|x86.Build.0 = Debug|Any CPU
		{0F73E1FC-3E78-4BD7-96EB-B4395B774173}.Debug|Any CPU.ActiveCfg = Debug|Any CPU
		{0F73E1FC-3E78-4BD7-96EB-B4395B774173}.Debug|Any CPU.Build.0 = Debug|Any CPU
		{0F73E1FC-3E78-4BD7-96EB-B4395B774173}.Debug|x64.ActiveCfg = Debug|Any CPU
		{0F73E1FC-3E78-4BD7-96EB-B4395B774173}.Debug|x64.Build.0 = Debug|Any CPU
		{0F73E1FC-3E78-4BD7-96EB-B4395B774173}.Debug|x86.ActiveCfg = Debug|Any CPU
		{0F73E1FC-3E78-4BD7-96EB-B4395B774173}.Debug|x86.Build.0 = Debug|Any CPU
		{0F73E1FC-3E78-4BD7-96EB-B4395B774173}.Release|Any CPU.ActiveCfg = Release|Any CPU
		{0F73E1FC-3E78-4BD7-96EB-B4395B774173}.Release|Any CPU.Build.0 = Release|Any CPU
		{0F73E1FC-3E78-4BD7-96EB-B4395B774173}.Release|x64.ActiveCfg = Release|Any CPU
		{0F73E1FC-3E78-4BD7-96EB-B4395B774173}.Release|x64.Build.0 = Release|Any CPU
		{0F73E1FC-3E78-4BD7-96EB-B4395B774173}.Release|x86.ActiveCfg = Release|Any CPU
		{0F73E1FC-3E78-4BD7-96EB-B4395B774173}.Release|x86.Build.0 = Release|Any CPU
		{6B4A7229-2087-4C3E-B387-DC882BF7161C}.Debug - Light Tests Only|Any CPU.ActiveCfg = Debug|Any CPU
		{6B4A7229-2087-4C3E-B387-DC882BF7161C}.Debug - Light Tests Only|Any CPU.Build.0 = Debug|Any CPU
		{6B4A7229-2087-4C3E-B387-DC882BF7161C}.Debug - Light Tests Only|x64.ActiveCfg = Debug|Any CPU
		{6B4A7229-2087-4C3E-B387-DC882BF7161C}.Debug - Light Tests Only|x64.Build.0 = Debug|Any CPU
		{6B4A7229-2087-4C3E-B387-DC882BF7161C}.Debug - Light Tests Only|x86.ActiveCfg = Debug|Any CPU
		{6B4A7229-2087-4C3E-B387-DC882BF7161C}.Debug - Light Tests Only|x86.Build.0 = Debug|Any CPU
		{6B4A7229-2087-4C3E-B387-DC882BF7161C}.Debug|Any CPU.ActiveCfg = Debug|Any CPU
		{6B4A7229-2087-4C3E-B387-DC882BF7161C}.Debug|Any CPU.Build.0 = Debug|Any CPU
		{6B4A7229-2087-4C3E-B387-DC882BF7161C}.Debug|x64.ActiveCfg = Debug|Any CPU
		{6B4A7229-2087-4C3E-B387-DC882BF7161C}.Debug|x64.Build.0 = Debug|Any CPU
		{6B4A7229-2087-4C3E-B387-DC882BF7161C}.Debug|x86.ActiveCfg = Debug|Any CPU
		{6B4A7229-2087-4C3E-B387-DC882BF7161C}.Debug|x86.Build.0 = Debug|Any CPU
		{6B4A7229-2087-4C3E-B387-DC882BF7161C}.Release|Any CPU.ActiveCfg = Release|Any CPU
		{6B4A7229-2087-4C3E-B387-DC882BF7161C}.Release|Any CPU.Build.0 = Release|Any CPU
		{6B4A7229-2087-4C3E-B387-DC882BF7161C}.Release|x64.ActiveCfg = Release|Any CPU
		{6B4A7229-2087-4C3E-B387-DC882BF7161C}.Release|x64.Build.0 = Release|Any CPU
		{6B4A7229-2087-4C3E-B387-DC882BF7161C}.Release|x86.ActiveCfg = Release|Any CPU
		{6B4A7229-2087-4C3E-B387-DC882BF7161C}.Release|x86.Build.0 = Release|Any CPU
		{050CF1B9-C938-449C-80F8-B11038A44DA4}.Debug - Light Tests Only|Any CPU.ActiveCfg = Debug|Any CPU
		{050CF1B9-C938-449C-80F8-B11038A44DA4}.Debug - Light Tests Only|Any CPU.Build.0 = Debug|Any CPU
		{050CF1B9-C938-449C-80F8-B11038A44DA4}.Debug - Light Tests Only|x64.ActiveCfg = Debug|Any CPU
		{050CF1B9-C938-449C-80F8-B11038A44DA4}.Debug - Light Tests Only|x64.Build.0 = Debug|Any CPU
		{050CF1B9-C938-449C-80F8-B11038A44DA4}.Debug - Light Tests Only|x86.ActiveCfg = Debug|Any CPU
		{050CF1B9-C938-449C-80F8-B11038A44DA4}.Debug - Light Tests Only|x86.Build.0 = Debug|Any CPU
		{050CF1B9-C938-449C-80F8-B11038A44DA4}.Debug|Any CPU.ActiveCfg = Debug|Any CPU
		{050CF1B9-C938-449C-80F8-B11038A44DA4}.Debug|Any CPU.Build.0 = Debug|Any CPU
		{050CF1B9-C938-449C-80F8-B11038A44DA4}.Debug|x64.ActiveCfg = Debug|Any CPU
		{050CF1B9-C938-449C-80F8-B11038A44DA4}.Debug|x64.Build.0 = Debug|Any CPU
		{050CF1B9-C938-449C-80F8-B11038A44DA4}.Debug|x86.ActiveCfg = Debug|Any CPU
		{050CF1B9-C938-449C-80F8-B11038A44DA4}.Debug|x86.Build.0 = Debug|Any CPU
		{050CF1B9-C938-449C-80F8-B11038A44DA4}.Release|Any CPU.ActiveCfg = Release|Any CPU
		{050CF1B9-C938-449C-80F8-B11038A44DA4}.Release|Any CPU.Build.0 = Release|Any CPU
		{050CF1B9-C938-449C-80F8-B11038A44DA4}.Release|x64.ActiveCfg = Release|Any CPU
		{050CF1B9-C938-449C-80F8-B11038A44DA4}.Release|x64.Build.0 = Release|Any CPU
		{050CF1B9-C938-449C-80F8-B11038A44DA4}.Release|x86.ActiveCfg = Release|Any CPU
		{050CF1B9-C938-449C-80F8-B11038A44DA4}.Release|x86.Build.0 = Release|Any CPU
		{15C1F53E-A143-47A9-B447-93716DD83404}.Debug - Light Tests Only|Any CPU.ActiveCfg = Debug|Any CPU
		{15C1F53E-A143-47A9-B447-93716DD83404}.Debug - Light Tests Only|Any CPU.Build.0 = Debug|Any CPU
		{15C1F53E-A143-47A9-B447-93716DD83404}.Debug - Light Tests Only|x64.ActiveCfg = Debug|Any CPU
		{15C1F53E-A143-47A9-B447-93716DD83404}.Debug - Light Tests Only|x64.Build.0 = Debug|Any CPU
		{15C1F53E-A143-47A9-B447-93716DD83404}.Debug - Light Tests Only|x86.ActiveCfg = Debug|Any CPU
		{15C1F53E-A143-47A9-B447-93716DD83404}.Debug - Light Tests Only|x86.Build.0 = Debug|Any CPU
		{15C1F53E-A143-47A9-B447-93716DD83404}.Debug|Any CPU.ActiveCfg = Debug|Any CPU
		{15C1F53E-A143-47A9-B447-93716DD83404}.Debug|Any CPU.Build.0 = Debug|Any CPU
		{15C1F53E-A143-47A9-B447-93716DD83404}.Debug|x64.ActiveCfg = Debug|Any CPU
		{15C1F53E-A143-47A9-B447-93716DD83404}.Debug|x64.Build.0 = Debug|Any CPU
		{15C1F53E-A143-47A9-B447-93716DD83404}.Debug|x86.ActiveCfg = Debug|Any CPU
		{15C1F53E-A143-47A9-B447-93716DD83404}.Debug|x86.Build.0 = Debug|Any CPU
		{15C1F53E-A143-47A9-B447-93716DD83404}.Release|Any CPU.ActiveCfg = Release|Any CPU
		{15C1F53E-A143-47A9-B447-93716DD83404}.Release|Any CPU.Build.0 = Release|Any CPU
		{15C1F53E-A143-47A9-B447-93716DD83404}.Release|x64.ActiveCfg = Release|Any CPU
		{15C1F53E-A143-47A9-B447-93716DD83404}.Release|x64.Build.0 = Release|Any CPU
		{15C1F53E-A143-47A9-B447-93716DD83404}.Release|x86.ActiveCfg = Release|Any CPU
		{15C1F53E-A143-47A9-B447-93716DD83404}.Release|x86.Build.0 = Release|Any CPU
		{624C6A7F-569F-4E78-96E5-D56D2BFD7261}.Debug - Light Tests Only|Any CPU.ActiveCfg = Debug|Any CPU
		{624C6A7F-569F-4E78-96E5-D56D2BFD7261}.Debug - Light Tests Only|Any CPU.Build.0 = Debug|Any CPU
		{624C6A7F-569F-4E78-96E5-D56D2BFD7261}.Debug - Light Tests Only|x64.ActiveCfg = Debug|Any CPU
		{624C6A7F-569F-4E78-96E5-D56D2BFD7261}.Debug - Light Tests Only|x64.Build.0 = Debug|Any CPU
		{624C6A7F-569F-4E78-96E5-D56D2BFD7261}.Debug - Light Tests Only|x86.ActiveCfg = Debug|Any CPU
		{624C6A7F-569F-4E78-96E5-D56D2BFD7261}.Debug - Light Tests Only|x86.Build.0 = Debug|Any CPU
		{624C6A7F-569F-4E78-96E5-D56D2BFD7261}.Debug|Any CPU.ActiveCfg = Debug|Any CPU
		{624C6A7F-569F-4E78-96E5-D56D2BFD7261}.Debug|Any CPU.Build.0 = Debug|Any CPU
		{624C6A7F-569F-4E78-96E5-D56D2BFD7261}.Debug|x64.ActiveCfg = Debug|Any CPU
		{624C6A7F-569F-4E78-96E5-D56D2BFD7261}.Debug|x64.Build.0 = Debug|Any CPU
		{624C6A7F-569F-4E78-96E5-D56D2BFD7261}.Debug|x86.ActiveCfg = Debug|Any CPU
		{624C6A7F-569F-4E78-96E5-D56D2BFD7261}.Debug|x86.Build.0 = Debug|Any CPU
		{624C6A7F-569F-4E78-96E5-D56D2BFD7261}.Release|Any CPU.ActiveCfg = Release|Any CPU
		{624C6A7F-569F-4E78-96E5-D56D2BFD7261}.Release|Any CPU.Build.0 = Release|Any CPU
		{624C6A7F-569F-4E78-96E5-D56D2BFD7261}.Release|x64.ActiveCfg = Release|Any CPU
		{624C6A7F-569F-4E78-96E5-D56D2BFD7261}.Release|x64.Build.0 = Release|Any CPU
		{624C6A7F-569F-4E78-96E5-D56D2BFD7261}.Release|x86.ActiveCfg = Release|Any CPU
		{624C6A7F-569F-4E78-96E5-D56D2BFD7261}.Release|x86.Build.0 = Release|Any CPU
		{AE0E2437-6794-43C6-9A3E-E75F8AEECE05}.Debug - Light Tests Only|Any CPU.ActiveCfg = Debug|Any CPU
		{AE0E2437-6794-43C6-9A3E-E75F8AEECE05}.Debug - Light Tests Only|Any CPU.Build.0 = Debug|Any CPU
		{AE0E2437-6794-43C6-9A3E-E75F8AEECE05}.Debug - Light Tests Only|x64.ActiveCfg = Debug|Any CPU
		{AE0E2437-6794-43C6-9A3E-E75F8AEECE05}.Debug - Light Tests Only|x64.Build.0 = Debug|Any CPU
		{AE0E2437-6794-43C6-9A3E-E75F8AEECE05}.Debug - Light Tests Only|x86.ActiveCfg = Debug|Any CPU
		{AE0E2437-6794-43C6-9A3E-E75F8AEECE05}.Debug - Light Tests Only|x86.Build.0 = Debug|Any CPU
		{AE0E2437-6794-43C6-9A3E-E75F8AEECE05}.Debug|Any CPU.ActiveCfg = Debug|Any CPU
		{AE0E2437-6794-43C6-9A3E-E75F8AEECE05}.Debug|Any CPU.Build.0 = Debug|Any CPU
		{AE0E2437-6794-43C6-9A3E-E75F8AEECE05}.Debug|x64.ActiveCfg = Debug|Any CPU
		{AE0E2437-6794-43C6-9A3E-E75F8AEECE05}.Debug|x64.Build.0 = Debug|Any CPU
		{AE0E2437-6794-43C6-9A3E-E75F8AEECE05}.Debug|x86.ActiveCfg = Debug|Any CPU
		{AE0E2437-6794-43C6-9A3E-E75F8AEECE05}.Debug|x86.Build.0 = Debug|Any CPU
		{AE0E2437-6794-43C6-9A3E-E75F8AEECE05}.Release|Any CPU.ActiveCfg = Release|Any CPU
		{AE0E2437-6794-43C6-9A3E-E75F8AEECE05}.Release|Any CPU.Build.0 = Release|Any CPU
		{AE0E2437-6794-43C6-9A3E-E75F8AEECE05}.Release|x64.ActiveCfg = Release|Any CPU
		{AE0E2437-6794-43C6-9A3E-E75F8AEECE05}.Release|x64.Build.0 = Release|Any CPU
		{AE0E2437-6794-43C6-9A3E-E75F8AEECE05}.Release|x86.ActiveCfg = Release|Any CPU
		{AE0E2437-6794-43C6-9A3E-E75F8AEECE05}.Release|x86.Build.0 = Release|Any CPU
	EndGlobalSection
	GlobalSection(SolutionProperties) = preSolution
		HideSolutionNode = FALSE
	EndGlobalSection
	GlobalSection(ExtensibilityGlobals) = postSolution
		SolutionGuid = {F308EADB-8DF2-4581-9B1A-64444C8B4458}
	EndGlobalSection
EndGlobal
