Microsoft Visual Studio Solution File, Format Version 12.00
# Visual Studio Version 17
VisualStudioVersion = 17.10.35122.118
MinimumVisualStudioVersion = 10.0.40219.1
Project("{9A19103F-16F7-4668-BE54-9A1E7A4F7556}") = "DbScripterApp", "DbScripterApp\DbScripterApp.csproj", "{0304531C-EB03-49E6-8BDF-2803B286CF6C}"
EndProject
Project("{9A19103F-16F7-4668-BE54-9A1E7A4F7556}") = "DbScripterLib", "DbScripterLib\DbScripterLib.csproj", "{FCED0C5E-BD25-4B8B-BEB9-6110DC3798A2}"
EndProject
Project("{9A19103F-16F7-4668-BE54-9A1E7A4F7556}") = "CommonLib", "..\Common\CommonLib\CommonLib.csproj", "{50FBA908-FCEB-4A9E-BBD7-2408AFDE92B6}"
EndProject
Project("{2150E333-8FDC-42A3-9474-1A3956D46DE8}") = "Solution Items", "Solution Items", "{089100B1-113F-4E66-888A-E83F3999EAFD}"
	ProjectSection(SolutionItems) = preProject
		Launchsettings.json = Launchsettings.json
	EndProjectSection
EndProject
Project("{FAE04EC0-301F-11D3-BF4B-00C04F79EFBC}") = "DBScripterTests", "Tests\DbScripterTests\DBScripterTests.csproj", "{A041BF36-6A35-D448-0B43-67220D8F577E}"
EndProject
Global
	GlobalSection(SolutionConfigurationPlatforms) = preSolution
		Debug|Any CPU = Debug|Any CPU
		Release|Any CPU = Release|Any CPU
	EndGlobalSection
	GlobalSection(ProjectConfigurationPlatforms) = postSolution
		{0304531C-EB03-49E6-8BDF-2803B286CF6C}.Debug|Any CPU.ActiveCfg = Debug|Any CPU
		{0304531C-EB03-49E6-8BDF-2803B286CF6C}.Debug|Any CPU.Build.0 = Debug|Any CPU
		{0304531C-EB03-49E6-8BDF-2803B286CF6C}.Release|Any CPU.ActiveCfg = Release|Any CPU
		{0304531C-EB03-49E6-8BDF-2803B286CF6C}.Release|Any CPU.Build.0 = Release|Any CPU
		{FCED0C5E-BD25-4B8B-BEB9-6110DC3798A2}.Debug|Any CPU.ActiveCfg = Debug|Any CPU
		{FCED0C5E-BD25-4B8B-BEB9-6110DC3798A2}.Debug|Any CPU.Build.0 = Debug|Any CPU
		{FCED0C5E-BD25-4B8B-BEB9-6110DC3798A2}.Release|Any CPU.ActiveCfg = Release|Any CPU
		{FCED0C5E-BD25-4B8B-BEB9-6110DC3798A2}.Release|Any CPU.Build.0 = Release|Any CPU
		{50FBA908-FCEB-4A9E-BBD7-2408AFDE92B6}.Debug|Any CPU.ActiveCfg = Debug|Any CPU
		{50FBA908-FCEB-4A9E-BBD7-2408AFDE92B6}.Debug|Any CPU.Build.0 = Debug|Any CPU
		{50FBA908-FCEB-4A9E-BBD7-2408AFDE92B6}.Release|Any CPU.ActiveCfg = Release|Any CPU
		{50FBA908-FCEB-4A9E-BBD7-2408AFDE92B6}.Release|Any CPU.Build.0 = Release|Any CPU
		{A041BF36-6A35-D448-0B43-67220D8F577E}.Debug|Any CPU.ActiveCfg = Debug|Any CPU
		{A041BF36-6A35-D448-0B43-67220D8F577E}.Debug|Any CPU.Build.0 = Debug|Any CPU
		{A041BF36-6A35-D448-0B43-67220D8F577E}.Release|Any CPU.ActiveCfg = Release|Any CPU
		{A041BF36-6A35-D448-0B43-67220D8F577E}.Release|Any CPU.Build.0 = Release|Any CPU
	EndGlobalSection
	GlobalSection(SolutionProperties) = preSolution
		HideSolutionNode = FALSE
	EndGlobalSection
	GlobalSection(ExtensibilityGlobals) = postSolution
		SolutionGuid = {216E1C1F-6B6A-4370-94EB-81BB8AB1DB35}
	EndGlobalSection
EndGlobal
