
Microsoft Visual Studio Solution File, Format Version 12.00
# Visual Studio Version 16
VisualStudioVersion = 16.0.30404.54
MinimumVisualStudioVersion = 10.0.40219.1
Project("{FAE04EC0-301F-11D3-BF4B-00C04F79EFBC}") = "SI.Common", "SI.Common\SI.Common.csproj", "{DB086EBD-2FA2-4960-8BBB-29A0BC247811}"
EndProject
Project("{FAE04EC0-301F-11D3-BF4B-00C04F79EFBC}") = "SI.Common.ExtendedUtilities", "SI.Common.ExtendedUtilities\SI.Common.ExtendedUtilities.csproj", "{1706FAC9-B1C0-4DD7-93DF-509021987ED6}"
EndProject
Project("{FAE04EC0-301F-11D3-BF4B-00C04F79EFBC}") = "SI.Logging.Providers.log4net", "SI.Logging.Providers.log4net\SI.Logging.Providers.log4net.csproj", "{9D7BCE22-059C-496D-B4C4-C099ECF4479A}"
EndProject
Project("{2150E333-8FDC-42A3-9474-1A3956D46DE8}") = "Solution Items", "Solution Items", "{1A39F952-FFC8-48E0-9BFC-5F16552DEB1C}"
EndProject
Project("{FAE04EC0-301F-11D3-BF4B-00C04F79EFBC}") = "SI.Logging", "SI.Logging\SI.Logging.csproj", "{41912F27-876D-4D02-B828-84F449A91B97}"
EndProject
Project("{FAE04EC0-301F-11D3-BF4B-00C04F79EFBC}") = "SI.Software.SharedControls", "SI.SharedControls\SI.Software.SharedControls.csproj", "{B4095155-8B4C-4BCC-8399-D8E026718EC3}"
EndProject
Project("{FAE04EC0-301F-11D3-BF4B-00C04F79EFBC}") = "SI.Logging.LogUtilities", "SI.Logging.LogUtilities\SI.Logging.LogUtilities.csproj", "{DFA8D727-486A-4230-818E-E92A1C9CD326}"
EndProject
Global
	GlobalSection(SolutionConfigurationPlatforms) = preSolution
		Debug - Light Tests Only|Any CPU = Debug - Light Tests Only|Any CPU
		Debug - Light Tests Only|x64 = Debug - Light Tests Only|x64
		Debug - Light Tests Only|x86 = Debug - Light Tests Only|x86
		Debug|Any CPU = Debug|Any CPU
		Debug|x64 = Debug|x64
		Debug|x86 = Debug|x86
		Release|Any CPU = Release|Any CPU
		Release|x64 = Release|x64
		Release|x86 = Release|x86
	EndGlobalSection
	GlobalSection(ProjectConfigurationPlatforms) = postSolution
		{DB086EBD-2FA2-4960-8BBB-29A0BC247811}.Debug - Light Tests Only|Any CPU.ActiveCfg = Debug - Light Tests Only|Any CPU
		{DB086EBD-2FA2-4960-8BBB-29A0BC247811}.Debug - Light Tests Only|Any CPU.Build.0 = Debug - Light Tests Only|Any CPU
		{DB086EBD-2FA2-4960-8BBB-29A0BC247811}.Debug - Light Tests Only|x64.ActiveCfg = Debug - Light Tests Only|x64
		{DB086EBD-2FA2-4960-8BBB-29A0BC247811}.Debug - Light Tests Only|x64.Build.0 = Debug - Light Tests Only|x64
		{DB086EBD-2FA2-4960-8BBB-29A0BC247811}.Debug - Light Tests Only|x86.ActiveCfg = Debug - Light Tests Only|Any CPU
		{DB086EBD-2FA2-4960-8BBB-29A0BC247811}.Debug - Light Tests Only|x86.Build.0 = Debug - Light Tests Only|Any CPU
		{DB086EBD-2FA2-4960-8BBB-29A0BC247811}.Debug|Any CPU.ActiveCfg = Debug|Any CPU
		{DB086EBD-2FA2-4960-8BBB-29A0BC247811}.Debug|Any CPU.Build.0 = Debug|Any CPU
		{DB086EBD-2FA2-4960-8BBB-29A0BC247811}.Debug|x64.ActiveCfg = Debug|x64
		{DB086EBD-2FA2-4960-8BBB-29A0BC247811}.Debug|x64.Build.0 = Debug|x64
		{DB086EBD-2FA2-4960-8BBB-29A0BC247811}.Debug|x86.ActiveCfg = Debug|Any CPU
		{DB086EBD-2FA2-4960-8BBB-29A0BC247811}.Debug|x86.Build.0 = Debug|Any CPU
		{DB086EBD-2FA2-4960-8BBB-29A0BC247811}.Release|Any CPU.ActiveCfg = Release|Any CPU
		{DB086EBD-2FA2-4960-8BBB-29A0BC247811}.Release|Any CPU.Build.0 = Release|Any CPU
		{DB086EBD-2FA2-4960-8BBB-29A0BC247811}.Release|x64.ActiveCfg = Release|x64
		{DB086EBD-2FA2-4960-8BBB-29A0BC247811}.Release|x64.Build.0 = Release|x64
		{DB086EBD-2FA2-4960-8BBB-29A0BC247811}.Release|x86.ActiveCfg = Release|Any CPU
		{DB086EBD-2FA2-4960-8BBB-29A0BC247811}.Release|x86.Build.0 = Release|Any CPU
		{1706FAC9-B1C0-4DD7-93DF-509021987ED6}.Debug - Light Tests Only|Any CPU.ActiveCfg = Debug - Light Tests Only|Any CPU
		{1706FAC9-B1C0-4DD7-93DF-509021987ED6}.Debug - Light Tests Only|Any CPU.Build.0 = Debug - Light Tests Only|Any CPU
		{1706FAC9-B1C0-4DD7-93DF-509021987ED6}.Debug - Light Tests Only|x64.ActiveCfg = Debug - Light Tests Only|x64
		{1706FAC9-B1C0-4DD7-93DF-509021987ED6}.Debug - Light Tests Only|x64.Build.0 = Debug - Light Tests Only|x64
		{1706FAC9-B1C0-4DD7-93DF-509021987ED6}.Debug - Light Tests Only|x86.ActiveCfg = Debug - Light Tests Only|Any CPU
		{1706FAC9-B1C0-4DD7-93DF-509021987ED6}.Debug - Light Tests Only|x86.Build.0 = Debug - Light Tests Only|Any CPU
		{1706FAC9-B1C0-4DD7-93DF-509021987ED6}.Debug|Any CPU.ActiveCfg = Debug|Any CPU
		{1706FAC9-B1C0-4DD7-93DF-509021987ED6}.Debug|Any CPU.Build.0 = Debug|Any CPU
		{1706FAC9-B1C0-4DD7-93DF-509021987ED6}.Debug|x64.ActiveCfg = Debug|x64
		{1706FAC9-B1C0-4DD7-93DF-509021987ED6}.Debug|x64.Build.0 = Debug|x64
		{1706FAC9-B1C0-4DD7-93DF-509021987ED6}.Debug|x86.ActiveCfg = Debug|Any CPU
		{1706FAC9-B1C0-4DD7-93DF-509021987ED6}.Debug|x86.Build.0 = Debug|Any CPU
		{1706FAC9-B1C0-4DD7-93DF-509021987ED6}.Release|Any CPU.ActiveCfg = Release|Any CPU
		{1706FAC9-B1C0-4DD7-93DF-509021987ED6}.Release|Any CPU.Build.0 = Release|Any CPU
		{1706FAC9-B1C0-4DD7-93DF-509021987ED6}.Release|x64.ActiveCfg = Release|x64
		{1706FAC9-B1C0-4DD7-93DF-509021987ED6}.Release|x64.Build.0 = Release|x64
		{1706FAC9-B1C0-4DD7-93DF-509021987ED6}.Release|x86.ActiveCfg = Release|Any CPU
		{1706FAC9-B1C0-4DD7-93DF-509021987ED6}.Release|x86.Build.0 = Release|Any CPU
		{9D7BCE22-059C-496D-B4C4-C099ECF4479A}.Debug - Light Tests Only|Any CPU.ActiveCfg = Debug - Light Tests Only|Any CPU
		{9D7BCE22-059C-496D-B4C4-C099ECF4479A}.Debug - Light Tests Only|Any CPU.Build.0 = Debug - Light Tests Only|Any CPU
		{9D7BCE22-059C-496D-B4C4-C099ECF4479A}.Debug - Light Tests Only|x64.ActiveCfg = Debug - Light Tests Only|x64
		{9D7BCE22-059C-496D-B4C4-C099ECF4479A}.Debug - Light Tests Only|x64.Build.0 = Debug - Light Tests Only|x64
		{9D7BCE22-059C-496D-B4C4-C099ECF4479A}.Debug - Light Tests Only|x86.ActiveCfg = Debug - Light Tests Only|x86
		{9D7BCE22-059C-496D-B4C4-C099ECF4479A}.Debug - Light Tests Only|x86.Build.0 = Debug - Light Tests Only|x86
		{9D7BCE22-059C-496D-B4C4-C099ECF4479A}.Debug|Any CPU.ActiveCfg = Debug|Any CPU
		{9D7BCE22-059C-496D-B4C4-C099ECF4479A}.Debug|Any CPU.Build.0 = Debug|Any CPU
		{9D7BCE22-059C-496D-B4C4-C099ECF4479A}.Debug|x64.ActiveCfg = Debug|x64
		{9D7BCE22-059C-496D-B4C4-C099ECF4479A}.Debug|x64.Build.0 = Debug|x64
		{9D7BCE22-059C-496D-B4C4-C099ECF4479A}.Debug|x86.ActiveCfg = Debug|x86
		{9D7BCE22-059C-496D-B4C4-C099ECF4479A}.Debug|x86.Build.0 = Debug|x86
		{9D7BCE22-059C-496D-B4C4-C099ECF4479A}.Release|Any CPU.ActiveCfg = Release|Any CPU
		{9D7BCE22-059C-496D-B4C4-C099ECF4479A}.Release|Any CPU.Build.0 = Release|Any CPU
		{9D7BCE22-059C-496D-B4C4-C099ECF4479A}.Release|x64.ActiveCfg = Release|x64
		{9D7BCE22-059C-496D-B4C4-C099ECF4479A}.Release|x64.Build.0 = Release|x64
		{9D7BCE22-059C-496D-B4C4-C099ECF4479A}.Release|x86.ActiveCfg = Release|x86
		{9D7BCE22-059C-496D-B4C4-C099ECF4479A}.Release|x86.Build.0 = Release|x86
		{41912F27-876D-4D02-B828-84F449A91B97}.Debug - Light Tests Only|Any CPU.ActiveCfg = Debug - Light Tests Only|Any CPU
		{41912F27-876D-4D02-B828-84F449A91B97}.Debug - Light Tests Only|Any CPU.Build.0 = Debug - Light Tests Only|Any CPU
		{41912F27-876D-4D02-B828-84F449A91B97}.Debug - Light Tests Only|x64.ActiveCfg = Debug - Light Tests Only|x64
		{41912F27-876D-4D02-B828-84F449A91B97}.Debug - Light Tests Only|x64.Build.0 = Debug - Light Tests Only|x64
		{41912F27-876D-4D02-B828-84F449A91B97}.Debug - Light Tests Only|x86.ActiveCfg = Debug - Light Tests Only|Any CPU
		{41912F27-876D-4D02-B828-84F449A91B97}.Debug - Light Tests Only|x86.Build.0 = Debug - Light Tests Only|Any CPU
		{41912F27-876D-4D02-B828-84F449A91B97}.Debug|Any CPU.ActiveCfg = Debug|Any CPU
		{41912F27-876D-4D02-B828-84F449A91B97}.Debug|Any CPU.Build.0 = Debug|Any CPU
		{41912F27-876D-4D02-B828-84F449A91B97}.Debug|x64.ActiveCfg = Debug|x64
		{41912F27-876D-4D02-B828-84F449A91B97}.Debug|x64.Build.0 = Debug|x64
		{41912F27-876D-4D02-B828-84F449A91B97}.Debug|x86.ActiveCfg = Debug|Any CPU
		{41912F27-876D-4D02-B828-84F449A91B97}.Debug|x86.Build.0 = Debug|Any CPU
		{41912F27-876D-4D02-B828-84F449A91B97}.Release|Any CPU.ActiveCfg = Release|Any CPU
		{41912F27-876D-4D02-B828-84F449A91B97}.Release|Any CPU.Build.0 = Release|Any CPU
		{41912F27-876D-4D02-B828-84F449A91B97}.Release|x64.ActiveCfg = Release|x64
		{41912F27-876D-4D02-B828-84F449A91B97}.Release|x64.Build.0 = Release|x64
		{41912F27-876D-4D02-B828-84F449A91B97}.Release|x86.ActiveCfg = Release|Any CPU
		{41912F27-876D-4D02-B828-84F449A91B97}.Release|x86.Build.0 = Release|Any CPU
		{B4095155-8B4C-4BCC-8399-D8E026718EC3}.Debug - Light Tests Only|Any CPU.ActiveCfg = Debug - Light Tests Only|Any CPU
		{B4095155-8B4C-4BCC-8399-D8E026718EC3}.Debug - Light Tests Only|Any CPU.Build.0 = Debug - Light Tests Only|Any CPU
		{B4095155-8B4C-4BCC-8399-D8E026718EC3}.Debug - Light Tests Only|x64.ActiveCfg = Debug - Light Tests Only|x64
		{B4095155-8B4C-4BCC-8399-D8E026718EC3}.Debug - Light Tests Only|x64.Build.0 = Debug - Light Tests Only|x64
		{B4095155-8B4C-4BCC-8399-D8E026718EC3}.Debug - Light Tests Only|x86.ActiveCfg = Debug - Light Tests Only|x86
		{B4095155-8B4C-4BCC-8399-D8E026718EC3}.Debug - Light Tests Only|x86.Build.0 = Debug - Light Tests Only|x86
		{B4095155-8B4C-4BCC-8399-D8E026718EC3}.Debug|Any CPU.ActiveCfg = Debug|Any CPU
		{B4095155-8B4C-4BCC-8399-D8E026718EC3}.Debug|Any CPU.Build.0 = Debug|Any CPU
		{B4095155-8B4C-4BCC-8399-D8E026718EC3}.Debug|x64.ActiveCfg = Debug|x64
		{B4095155-8B4C-4BCC-8399-D8E026718EC3}.Debug|x64.Build.0 = Debug|x64
		{B4095155-8B4C-4BCC-8399-D8E026718EC3}.Debug|x86.ActiveCfg = Debug|x86
		{B4095155-8B4C-4BCC-8399-D8E026718EC3}.Debug|x86.Build.0 = Debug|x86
		{B4095155-8B4C-4BCC-8399-D8E026718EC3}.Release|Any CPU.ActiveCfg = Release|Any CPU
		{B4095155-8B4C-4BCC-8399-D8E026718EC3}.Release|Any CPU.Build.0 = Release|Any CPU
		{B4095155-8B4C-4BCC-8399-D8E026718EC3}.Release|x64.ActiveCfg = Release|x64
		{B4095155-8B4C-4BCC-8399-D8E026718EC3}.Release|x64.Build.0 = Release|x64
		{B4095155-8B4C-4BCC-8399-D8E026718EC3}.Release|x86.ActiveCfg = Release|x86
		{B4095155-8B4C-4BCC-8399-D8E026718EC3}.Release|x86.Build.0 = Release|x86
		{DFA8D727-486A-4230-818E-E92A1C9CD326}.Debug - Light Tests Only|Any CPU.ActiveCfg = Debug - Light Tests Only|Any CPU
		{DFA8D727-486A-4230-818E-E92A1C9CD326}.Debug - Light Tests Only|Any CPU.Build.0 = Debug - Light Tests Only|Any CPU
		{DFA8D727-486A-4230-818E-E92A1C9CD326}.Debug - Light Tests Only|x64.ActiveCfg = Debug - Light Tests Only|x64
		{DFA8D727-486A-4230-818E-E92A1C9CD326}.Debug - Light Tests Only|x64.Build.0 = Debug - Light Tests Only|x64
		{DFA8D727-486A-4230-818E-E92A1C9CD326}.Debug - Light Tests Only|x86.ActiveCfg = Debug - Light Tests Only|Any CPU
		{DFA8D727-486A-4230-818E-E92A1C9CD326}.Debug - Light Tests Only|x86.Build.0 = Debug - Light Tests Only|Any CPU
		{DFA8D727-486A-4230-818E-E92A1C9CD326}.Debug|Any CPU.ActiveCfg = Debug|Any CPU
		{DFA8D727-486A-4230-818E-E92A1C9CD326}.Debug|Any CPU.Build.0 = Debug|Any CPU
		{DFA8D727-486A-4230-818E-E92A1C9CD326}.Debug|x64.ActiveCfg = Debug|x64
		{DFA8D727-486A-4230-818E-E92A1C9CD326}.Debug|x64.Build.0 = Debug|x64
		{DFA8D727-486A-4230-818E-E92A1C9CD326}.Debug|x86.ActiveCfg = Debug|Any CPU
		{DFA8D727-486A-4230-818E-E92A1C9CD326}.Debug|x86.Build.0 = Debug|Any CPU
		{DFA8D727-486A-4230-818E-E92A1C9CD326}.Release|Any CPU.ActiveCfg = Release|Any CPU
		{DFA8D727-486A-4230-818E-E92A1C9CD326}.Release|Any CPU.Build.0 = Release|Any CPU
		{DFA8D727-486A-4230-818E-E92A1C9CD326}.Release|x64.ActiveCfg = Release|x64
		{DFA8D727-486A-4230-818E-E92A1C9CD326}.Release|x64.Build.0 = Release|x64
		{DFA8D727-486A-4230-818E-E92A1C9CD326}.Release|x86.ActiveCfg = Release|Any CPU
		{DFA8D727-486A-4230-818E-E92A1C9CD326}.Release|x86.Build.0 = Release|Any CPU
	EndGlobalSection
	GlobalSection(SolutionProperties) = preSolution
		HideSolutionNode = FALSE
	EndGlobalSection
	GlobalSection(ExtensibilityGlobals) = postSolution
		SolutionGuid = {A6DF0F70-4FBF-47DA-9253-1E396788887F}
	EndGlobalSection
EndGlobal
